// !$*UTF8*$!
{
	archiveVersion = 1;
	classes = {
	};
	objectVersion = 56;
	objects = {

/* Begin PBXBuildFile section */
		991713332B4FFD250081B03E /* GridProductItem.swift in Sources */ = {isa = PBXBuildFile; fileRef = 991713322B4FFD250081B03E /* GridProductItem.swift */; };
		991713352B500B780081B03E /* Text+Extension.swift in Sources */ = {isa = PBXBuildFile; fileRef = 991713342B500B780081B03E /* Text+Extension.swift */; };
		99CCFC032B5024670082ECAC /* PopularSection.swift in Sources */ = {isa = PBXBuildFile; fileRef = 99CCFC022B5024670082ECAC /* PopularSection.swift */; };
		99CCFC052B54D8780082ECAC /* CategoryListItem.swift in Sources */ = {isa = PBXBuildFile; fileRef = 99CCFC042B54D8780082ECAC /* CategoryListItem.swift */; };
		99CCFC072B54DC220082ECAC /* CategorySection.swift in Sources */ = {isa = PBXBuildFile; fileRef = 99CCFC062B54DC220082ECAC /* CategorySection.swift */; };
		99CCFC0B2B54E1C50082ECAC /* HomeView.swift in Sources */ = {isa = PBXBuildFile; fileRef = 99CCFC0A2B54E1C50082ECAC /* HomeView.swift */; };
		99CCFC102B54F4760082ECAC /* ProductsView.swift in Sources */ = {isa = PBXBuildFile; fileRef = 99CCFC0F2B54F4760082ECAC /* ProductsView.swift */; };
		99CCFC122B54F4880082ECAC /* CartView.swift in Sources */ = {isa = PBXBuildFile; fileRef = 99CCFC112B54F4880082ECAC /* CartView.swift */; };
		99CCFC152B54F4A60082ECAC /* FavouritesView.swift in Sources */ = {isa = PBXBuildFile; fileRef = 99CCFC142B54F4A60082ECAC /* FavouritesView.swift */; };
		99CCFC1C2B54F7A40082ECAC /* Theme.swift in Sources */ = {isa = PBXBuildFile; fileRef = 99CCFC1B2B54F7A40082ECAC /* Theme.swift */; };
		99CCFC1E2B5500BF0082ECAC /* ProductsGridView.swift in Sources */ = {isa = PBXBuildFile; fileRef = 99CCFC1D2B5500BF0082ECAC /* ProductsGridView.swift */; };
		99CCFC202B569AB30082ECAC /* FilterView.swift in Sources */ = {isa = PBXBuildFile; fileRef = 99CCFC1F2B569AB30082ECAC /* FilterView.swift */; };
		99CCFC222B569AE40082ECAC /* FilterSectionView.swift in Sources */ = {isa = PBXBuildFile; fileRef = 99CCFC212B569AE40082ECAC /* FilterSectionView.swift */; };
		99CCFC242B56D69E0082ECAC /* WideProductItem.swift in Sources */ = {isa = PBXBuildFile; fileRef = 99CCFC232B56D69E0082ECAC /* WideProductItem.swift */; };
		99CE8A462B4EABF3001DB121 /* AppleWatchStoreApp.swift in Sources */ = {isa = PBXBuildFile; fileRef = 99CE8A452B4EABF3001DB121 /* AppleWatchStoreApp.swift */; };
		99CE8A482B4EABF3001DB121 /* ContentView.swift in Sources */ = {isa = PBXBuildFile; fileRef = 99CE8A472B4EABF3001DB121 /* ContentView.swift */; };
		99CE8A4A2B4EABF4001DB121 /* Assets.xcassets in Resources */ = {isa = PBXBuildFile; fileRef = 99CE8A492B4EABF4001DB121 /* Assets.xcassets */; };
		99CE8A4D2B4EABF4001DB121 /* Preview Assets.xcassets in Resources */ = {isa = PBXBuildFile; fileRef = 99CE8A4C2B4EABF4001DB121 /* Preview Assets.xcassets */; };
		99CE8A562B4EB09D001DB121 /* Theme.xcassets in Resources */ = {isa = PBXBuildFile; fileRef = 99CE8A552B4EB09D001DB121 /* Theme.xcassets */; };
		99CE8A5B2B4EB224001DB121 /* ScaledFont 2.swift in Sources */ = {isa = PBXBuildFile; fileRef = 99CE8A5A2B4EB224001DB121 /* ScaledFont 2.swift */; };
		99CE8A5F2B4EB2BD001DB121 /* SectionHeader.swift in Sources */ = {isa = PBXBuildFile; fileRef = 99CE8A5E2B4EB2BD001DB121 /* SectionHeader.swift */; };
		99CE8A612B4EB3E5001DB121 /* Collection+Extension.swift in Sources */ = {isa = PBXBuildFile; fileRef = 99CE8A602B4EB3E5001DB121 /* Collection+Extension.swift */; };
		99CE8A632B4EB70A001DB121 /* CardView.swift in Sources */ = {isa = PBXBuildFile; fileRef = 99CE8A622B4EB70A001DB121 /* CardView.swift */; };
		99CE8A652B4EB773001DB121 /* Constants.swift in Sources */ = {isa = PBXBuildFile; fileRef = 99CE8A642B4EB773001DB121 /* Constants.swift */; };
		99CE8A672B4EC0E3001DB121 /* CustomButtonStyle.swift in Sources */ = {isa = PBXBuildFile; fileRef = 99CE8A662B4EC0E3001DB121 /* CustomButtonStyle.swift */; };
		99CE8A692B4EC4A6001DB121 /* ButtonStyle+Extension.swift in Sources */ = {isa = PBXBuildFile; fileRef = 99CE8A682B4EC4A6001DB121 /* ButtonStyle+Extension.swift */; };
		99CE8A6B2B4ECC5E001DB121 /* BrowseSection.swift in Sources */ = {isa = PBXBuildFile; fileRef = 99CE8A6A2B4ECC5E001DB121 /* BrowseSection.swift */; };
/* End PBXBuildFile section */

/* Begin PBXFileReference section */
		991713322B4FFD250081B03E /* GridProductItem.swift */ = {isa = PBXFileReference; lastKnownFileType = sourcecode.swift; path = GridProductItem.swift; sourceTree = "<group>"; };
		991713342B500B780081B03E /* Text+Extension.swift */ = {isa = PBXFileReference; lastKnownFileType = sourcecode.swift; path = "Text+Extension.swift"; sourceTree = "<group>"; };
		99CCFC022B5024670082ECAC /* PopularSection.swift */ = {isa = PBXFileReference; lastKnownFileType = sourcecode.swift; path = PopularSection.swift; sourceTree = "<group>"; };
		99CCFC042B54D8780082ECAC /* CategoryListItem.swift */ = {isa = PBXFileReference; lastKnownFileType = sourcecode.swift; path = CategoryListItem.swift; sourceTree = "<group>"; };
		99CCFC062B54DC220082ECAC /* CategorySection.swift */ = {isa = PBXFileReference; lastKnownFileType = sourcecode.swift; path = CategorySection.swift; sourceTree = "<group>"; };
		99CCFC0A2B54E1C50082ECAC /* HomeView.swift */ = {isa = PBXFileReference; lastKnownFileType = sourcecode.swift; path = HomeView.swift; sourceTree = "<group>"; };
		99CCFC0F2B54F4760082ECAC /* ProductsView.swift */ = {isa = PBXFileReference; lastKnownFileType = sourcecode.swift; path = ProductsView.swift; sourceTree = "<group>"; };
		99CCFC112B54F4880082ECAC /* CartView.swift */ = {isa = PBXFileReference; lastKnownFileType = sourcecode.swift; path = CartView.swift; sourceTree = "<group>"; };
		99CCFC142B54F4A60082ECAC /* FavouritesView.swift */ = {isa = PBXFileReference; lastKnownFileType = sourcecode.swift; path = FavouritesView.swift; sourceTree = "<group>"; };
		99CCFC1B2B54F7A40082ECAC /* Theme.swift */ = {isa = PBXFileReference; fileEncoding = 4; lastKnownFileType = sourcecode.swift; path = Theme.swift; sourceTree = "<group>"; };
		99CCFC1D2B5500BF0082ECAC /* ProductsGridView.swift */ = {isa = PBXFileReference; lastKnownFileType = sourcecode.swift; path = ProductsGridView.swift; sourceTree = "<group>"; };
		99CCFC1F2B569AB30082ECAC /* FilterView.swift */ = {isa = PBXFileReference; lastKnownFileType = sourcecode.swift; path = FilterView.swift; sourceTree = "<group>"; };
		99CCFC212B569AE40082ECAC /* FilterSectionView.swift */ = {isa = PBXFileReference; lastKnownFileType = sourcecode.swift; path = FilterSectionView.swift; sourceTree = "<group>"; };
		99CCFC232B56D69E0082ECAC /* WideProductItem.swift */ = {isa = PBXFileReference; lastKnownFileType = sourcecode.swift; path = WideProductItem.swift; sourceTree = "<group>"; };
		99CE8A422B4EABF3001DB121 /* AppleWatchStore.app */ = {isa = PBXFileReference; explicitFileType = wrapper.application; includeInIndex = 0; path = AppleWatchStore.app; sourceTree = BUILT_PRODUCTS_DIR; };
		99CE8A452B4EABF3001DB121 /* AppleWatchStoreApp.swift */ = {isa = PBXFileReference; lastKnownFileType = sourcecode.swift; path = AppleWatchStoreApp.swift; sourceTree = "<group>"; };
		99CE8A472B4EABF3001DB121 /* ContentView.swift */ = {isa = PBXFileReference; lastKnownFileType = sourcecode.swift; path = ContentView.swift; sourceTree = "<group>"; };
		99CE8A492B4EABF4001DB121 /* Assets.xcassets */ = {isa = PBXFileReference; lastKnownFileType = folder.assetcatalog; path = Assets.xcassets; sourceTree = "<group>"; };
		99CE8A4C2B4EABF4001DB121 /* Preview Assets.xcassets */ = {isa = PBXFileReference; lastKnownFileType = folder.assetcatalog; path = "Preview Assets.xcassets"; sourceTree = "<group>"; };
		99CE8A552B4EB09D001DB121 /* Theme.xcassets */ = {isa = PBXFileReference; lastKnownFileType = folder.assetcatalog; path = Theme.xcassets; sourceTree = "<group>"; };
		99CE8A5A2B4EB224001DB121 /* ScaledFont 2.swift */ = {isa = PBXFileReference; fileEncoding = 4; lastKnownFileType = sourcecode.swift; path = "ScaledFont 2.swift"; sourceTree = "<group>"; };
		99CE8A5E2B4EB2BD001DB121 /* SectionHeader.swift */ = {isa = PBXFileReference; lastKnownFileType = sourcecode.swift; path = SectionHeader.swift; sourceTree = "<group>"; };
		99CE8A602B4EB3E5001DB121 /* Collection+Extension.swift */ = {isa = PBXFileReference; lastKnownFileType = sourcecode.swift; path = "Collection+Extension.swift"; sourceTree = "<group>"; };
		99CE8A622B4EB70A001DB121 /* CardView.swift */ = {isa = PBXFileReference; lastKnownFileType = sourcecode.swift; path = CardView.swift; sourceTree = "<group>"; };
		99CE8A642B4EB773001DB121 /* Constants.swift */ = {isa = PBXFileReference; lastKnownFileType = sourcecode.swift; path = Constants.swift; sourceTree = "<group>"; };
		99CE8A662B4EC0E3001DB121 /* CustomButtonStyle.swift */ = {isa = PBXFileReference; lastKnownFileType = sourcecode.swift; path = CustomButtonStyle.swift; sourceTree = "<group>"; };
		99CE8A682B4EC4A6001DB121 /* ButtonStyle+Extension.swift */ = {isa = PBXFileReference; lastKnownFileType = sourcecode.swift; path = "ButtonStyle+Extension.swift"; sourceTree = "<group>"; };
		99CE8A6A2B4ECC5E001DB121 /* BrowseSection.swift */ = {isa = PBXFileReference; lastKnownFileType = sourcecode.swift; path = BrowseSection.swift; sourceTree = "<group>"; };
/* End PBXFileReference section */

/* Begin PBXFrameworksBuildPhase section */
		99CE8A3F2B4EABF3001DB121 /* Frameworks */ = {
			isa = PBXFrameworksBuildPhase;
			buildActionMask = 2147483647;
			files = (
			);
			runOnlyForDeploymentPostprocessing = 0;
		};
/* End PBXFrameworksBuildPhase section */

/* Begin PBXGroup section */
		99CCFC0C2B54F4180082ECAC /* Products */ = {
			isa = PBXGroup;
			children = (
				99CCFC182B54F5610082ECAC /* Supporting Views */,
				99CCFC0F2B54F4760082ECAC /* ProductsView.swift */,
			);
			path = Products;
			sourceTree = "<group>";
		};
		99CCFC0D2B54F42B0082ECAC /* Cart */ = {
			isa = PBXGroup;
			children = (
				99CCFC172B54F5500082ECAC /* Supporting Views */,
				99CCFC112B54F4880082ECAC /* CartView.swift */,
			);
			path = Cart;
			sourceTree = "<group>";
		};
		99CCFC0E2B54F4360082ECAC /* Favourites */ = {
			isa = PBXGroup;
			children = (
				99CCFC162B54F5300082ECAC /* Supporting Views */,
				99CCFC142B54F4A60082ECAC /* FavouritesView.swift */,
			);
			path = Favourites;
			sourceTree = "<group>";
		};
		99CCFC162B54F5300082ECAC /* Supporting Views */ = {
			isa = PBXGroup;
			children = (
			);
			path = "Supporting Views";
			sourceTree = "<group>";
		};
		99CCFC172B54F5500082ECAC /* Supporting Views */ = {
			isa = PBXGroup;
			children = (
			);
			path = "Supporting Views";
			sourceTree = "<group>";
		};
		99CCFC182B54F5610082ECAC /* Supporting Views */ = {
			isa = PBXGroup;
			children = (
				99CCFC1D2B5500BF0082ECAC /* ProductsGridView.swift */,
				99CCFC1F2B569AB30082ECAC /* FilterView.swift */,
				99CCFC212B569AE40082ECAC /* FilterSectionView.swift */,
				99CCFC232B56D69E0082ECAC /* WideProductItem.swift */,
			);
			path = "Supporting Views";
			sourceTree = "<group>";
		};
		99CE8A392B4EABF3001DB121 = {
			isa = PBXGroup;
			children = (
				99CE8A442B4EABF3001DB121 /* AppleWatchStore */,
				99CE8A432B4EABF3001DB121 /* Products */,
			);
			sourceTree = "<group>";
		};
		99CE8A432B4EABF3001DB121 /* Products */ = {
			isa = PBXGroup;
			children = (
				99CE8A422B4EABF3001DB121 /* AppleWatchStore.app */,
			);
			name = Products;
			sourceTree = "<group>";
		};
		99CE8A442B4EABF3001DB121 /* AppleWatchStore */ = {
			isa = PBXGroup;
			children = (
				99CE8A572B4EB0E8001DB121 /* Views */,
				99CE8A542B4EB006001DB121 /* App */,
				99CE8A532B4EAFD2001DB121 /* Utilities */,
				99CE8A4B2B4EABF4001DB121 /* Preview Content */,
			);
			path = AppleWatchStore;
			sourceTree = "<group>";
		};
		99CE8A4B2B4EABF4001DB121 /* Preview Content */ = {
			isa = PBXGroup;
			children = (
				99CE8A4C2B4EABF4001DB121 /* Preview Assets.xcassets */,
			);
			path = "Preview Content";
			sourceTree = "<group>";
		};
		99CE8A532B4EAFD2001DB121 /* Utilities */ = {
			isa = PBXGroup;
			children = (
				99CE8A5A2B4EB224001DB121 /* ScaledFont 2.swift */,
				99CCFC1B2B54F7A40082ECAC /* Theme.swift */,
				99CE8A5E2B4EB2BD001DB121 /* SectionHeader.swift */,
				99CE8A602B4EB3E5001DB121 /* Collection+Extension.swift */,
				99CE8A642B4EB773001DB121 /* Constants.swift */,
				99CE8A662B4EC0E3001DB121 /* CustomButtonStyle.swift */,
				99CE8A682B4EC4A6001DB121 /* ButtonStyle+Extension.swift */,
				991713342B500B780081B03E /* Text+Extension.swift */,
			);
			path = Utilities;
			sourceTree = "<group>";
		};
		99CE8A542B4EB006001DB121 /* App */ = {
			isa = PBXGroup;
			children = (
				99CE8A472B4EABF3001DB121 /* ContentView.swift */,
				99CE8A452B4EABF3001DB121 /* AppleWatchStoreApp.swift */,
				99CE8A492B4EABF4001DB121 /* Assets.xcassets */,
				99CE8A552B4EB09D001DB121 /* Theme.xcassets */,
			);
			path = App;
			sourceTree = "<group>";
		};
		99CE8A572B4EB0E8001DB121 /* Views */ = {
			isa = PBXGroup;
			children = (
				99CCFC0E2B54F4360082ECAC /* Favourites */,
				99CCFC0D2B54F42B0082ECAC /* Cart */,
				99CCFC0C2B54F4180082ECAC /* Products */,
				99CE8A582B4EB0F3001DB121 /* Home */,
			);
			path = Views;
			sourceTree = "<group>";
		};
		99CE8A582B4EB0F3001DB121 /* Home */ = {
			isa = PBXGroup;
			children = (
				99CE8A592B4EB109001DB121 /* Supporting Views */,
				99CCFC0A2B54E1C50082ECAC /* HomeView.swift */,
			);
			path = Home;
			sourceTree = "<group>";
		};
		99CE8A592B4EB109001DB121 /* Supporting Views */ = {
			isa = PBXGroup;
			children = (
				991713322B4FFD250081B03E /* GridProductItem.swift */,
				99CCFC022B5024670082ECAC /* PopularSection.swift */,
				99CE8A622B4EB70A001DB121 /* CardView.swift */,
				99CE8A6A2B4ECC5E001DB121 /* BrowseSection.swift */,
				99CCFC042B54D8780082ECAC /* CategoryListItem.swift */,
				99CCFC062B54DC220082ECAC /* CategorySection.swift */,
			);
			path = "Supporting Views";
			sourceTree = "<group>";
		};
/* End PBXGroup section */

/* Begin PBXNativeTarget section */
		99CE8A412B4EABF3001DB121 /* AppleWatchStore */ = {
			isa = PBXNativeTarget;
			buildConfigurationList = 99CE8A502B4EABF4001DB121 /* Build configuration list for PBXNativeTarget "AppleWatchStore" */;
			buildPhases = (
				99CE8A3E2B4EABF3001DB121 /* Sources */,
				99CE8A3F2B4EABF3001DB121 /* Frameworks */,
				99CE8A402B4EABF3001DB121 /* Resources */,
			);
			buildRules = (
			);
			dependencies = (
			);
			name = AppleWatchStore;
			productName = AppleWatchStore;
			productReference = 99CE8A422B4EABF3001DB121 /* AppleWatchStore.app */;
			productType = "com.apple.product-type.application";
		};
/* End PBXNativeTarget section */

/* Begin PBXProject section */
		99CE8A3A2B4EABF3001DB121 /* Project object */ = {
			isa = PBXProject;
			attributes = {
				BuildIndependentTargetsInParallel = 1;
				LastSwiftUpdateCheck = 1500;
				LastUpgradeCheck = 1500;
				TargetAttributes = {
					99CE8A412B4EABF3001DB121 = {
						CreatedOnToolsVersion = 15.0.1;
					};
				};
			};
			buildConfigurationList = 99CE8A3D2B4EABF3001DB121 /* Build configuration list for PBXProject "AppleWatchStore" */;
			compatibilityVersion = "Xcode 14.0";
			developmentRegion = en;
			hasScannedForEncodings = 0;
			knownRegions = (
				en,
				Base,
			);
			mainGroup = 99CE8A392B4EABF3001DB121;
			productRefGroup = 99CE8A432B4EABF3001DB121 /* Products */;
			projectDirPath = "";
			projectRoot = "";
			targets = (
				99CE8A412B4EABF3001DB121 /* AppleWatchStore */,
			);
		};
/* End PBXProject section */

/* Begin PBXResourcesBuildPhase section */
		99CE8A402B4EABF3001DB121 /* Resources */ = {
			isa = PBXResourcesBuildPhase;
			buildActionMask = 2147483647;
			files = (
				99CE8A562B4EB09D001DB121 /* Theme.xcassets in Resources */,
				99CE8A4D2B4EABF4001DB121 /* Preview Assets.xcassets in Resources */,
				99CE8A4A2B4EABF4001DB121 /* Assets.xcassets in Resources */,
			);
			runOnlyForDeploymentPostprocessing = 0;
		};
/* End PBXResourcesBuildPhase section */

/* Begin PBXSourcesBuildPhase section */
		99CE8A3E2B4EABF3001DB121 /* Sources */ = {
			isa = PBXSourcesBuildPhase;
			buildActionMask = 2147483647;
			files = (
				99CCFC202B569AB30082ECAC /* FilterView.swift in Sources */,
				99CCFC122B54F4880082ECAC /* CartView.swift in Sources */,
				99CCFC222B569AE40082ECAC /* FilterSectionView.swift in Sources */,
				99CE8A5F2B4EB2BD001DB121 /* SectionHeader.swift in Sources */,
				99CE8A6B2B4ECC5E001DB121 /* BrowseSection.swift in Sources */,
				99CE8A482B4EABF3001DB121 /* ContentView.swift in Sources */,
				991713332B4FFD250081B03E /* GridProductItem.swift in Sources */,
				991713352B500B780081B03E /* Text+Extension.swift in Sources */,
				99CE8A672B4EC0E3001DB121 /* CustomButtonStyle.swift in Sources */,
				99CE8A692B4EC4A6001DB121 /* ButtonStyle+Extension.swift in Sources */,
				99CCFC152B54F4A60082ECAC /* FavouritesView.swift in Sources */,
				99CE8A5B2B4EB224001DB121 /* ScaledFont 2.swift in Sources */,
				99CE8A462B4EABF3001DB121 /* AppleWatchStoreApp.swift in Sources */,
				99CE8A652B4EB773001DB121 /* Constants.swift in Sources */,
				99CCFC032B5024670082ECAC /* PopularSection.swift in Sources */,
				99CE8A632B4EB70A001DB121 /* CardView.swift in Sources */,
				99CCFC1E2B5500BF0082ECAC /* ProductsGridView.swift in Sources */,
				99CCFC242B56D69E0082ECAC /* WideProductItem.swift in Sources */,
				99CCFC102B54F4760082ECAC /* ProductsView.swift in Sources */,
				99CCFC072B54DC220082ECAC /* CategorySection.swift in Sources */,
				99CCFC0B2B54E1C50082ECAC /* HomeView.swift in Sources */,
				99CCFC1C2B54F7A40082ECAC /* Theme.swift in Sources */,
				99CCFC052B54D8780082ECAC /* CategoryListItem.swift in Sources */,
				99CE8A612B4EB3E5001DB121 /* Collection+Extension.swift in Sources */,
			);
			runOnlyForDeploymentPostprocessing = 0;
		};
/* End PBXSourcesBuildPhase section */

/* Begin XCBuildConfiguration section */
		99CE8A4E2B4EABF4001DB121 /* Debug */ = {
			isa = XCBuildConfiguration;
			buildSettings = {
				ALWAYS_SEARCH_USER_PATHS = NO;
				ASSETCATALOG_COMPILER_GENERATE_SWIFT_ASSET_SYMBOL_EXTENSIONS = YES;
				CLANG_ANALYZER_NONNULL = YES;
				CLANG_ANALYZER_NUMBER_OBJECT_CONVERSION = YES_AGGRESSIVE;
				CLANG_CXX_LANGUAGE_STANDARD = "gnu++20";
				CLANG_ENABLE_MODULES = YES;
				CLANG_ENABLE_OBJC_ARC = YES;
				CLANG_ENABLE_OBJC_WEAK = YES;
				CLANG_WARN_BLOCK_CAPTURE_AUTORELEASING = YES;
				CLANG_WARN_BOOL_CONVERSION = YES;
				CLANG_WARN_COMMA = YES;
				CLANG_WARN_CONSTANT_CONVERSION = YES;
				CLANG_WARN_DEPRECATED_OBJC_IMPLEMENTATIONS = YES;
				CLANG_WARN_DIRECT_OBJC_ISA_USAGE = YES_ERROR;
				CLANG_WARN_DOCUMENTATION_COMMENTS = YES;
				CLANG_WARN_EMPTY_BODY = YES;
				CLANG_WARN_ENUM_CONVERSION = YES;
				CLANG_WARN_INFINITE_RECURSION = YES;
				CLANG_WARN_INT_CONVERSION = YES;
				CLANG_WARN_NON_LITERAL_NULL_CONVERSION = YES;
				CLANG_WARN_OBJC_IMPLICIT_RETAIN_SELF = YES;
				CLANG_WARN_OBJC_LITERAL_CONVERSION = YES;
				CLANG_WARN_OBJC_ROOT_CLASS = YES_ERROR;
				CLANG_WARN_QUOTED_INCLUDE_IN_FRAMEWORK_HEADER = YES;
				CLANG_WARN_RANGE_LOOP_ANALYSIS = YES;
				CLANG_WARN_STRICT_PROTOTYPES = YES;
				CLANG_WARN_SUSPICIOUS_MOVE = YES;
				CLANG_WARN_UNGUARDED_AVAILABILITY = YES_AGGRESSIVE;
				CLANG_WARN_UNREACHABLE_CODE = YES;
				CLANG_WARN__DUPLICATE_METHOD_MATCH = YES;
				COPY_PHASE_STRIP = NO;
				DEBUG_INFORMATION_FORMAT = dwarf;
				ENABLE_STRICT_OBJC_MSGSEND = YES;
				ENABLE_TESTABILITY = YES;
				ENABLE_USER_SCRIPT_SANDBOXING = YES;
				GCC_C_LANGUAGE_STANDARD = gnu17;
				GCC_DYNAMIC_NO_PIC = NO;
				GCC_NO_COMMON_BLOCKS = YES;
				GCC_OPTIMIZATION_LEVEL = 0;
				GCC_PREPROCESSOR_DEFINITIONS = (
					"DEBUG=1",
					"$(inherited)",
				);
				GCC_WARN_64_TO_32_BIT_CONVERSION = YES;
				GCC_WARN_ABOUT_RETURN_TYPE = YES_ERROR;
				GCC_WARN_UNDECLARED_SELECTOR = YES;
				GCC_WARN_UNINITIALIZED_AUTOS = YES_AGGRESSIVE;
				GCC_WARN_UNUSED_FUNCTION = YES;
				GCC_WARN_UNUSED_VARIABLE = YES;
				IPHONEOS_DEPLOYMENT_TARGET = 17.0;
				LOCALIZATION_PREFERS_STRING_CATALOGS = YES;
				MTL_ENABLE_DEBUG_INFO = INCLUDE_SOURCE;
				MTL_FAST_MATH = YES;
				ONLY_ACTIVE_ARCH = YES;
				SDKROOT = iphoneos;
				SWIFT_ACTIVE_COMPILATION_CONDITIONS = "DEBUG $(inherited)";
				SWIFT_OPTIMIZATION_LEVEL = "-Onone";
			};
			name = Debug;
		};
		99CE8A4F2B4EABF4001DB121 /* Release */ = {
			isa = XCBuildConfiguration;
			buildSettings = {
				ALWAYS_SEARCH_USER_PATHS = NO;
				ASSETCATALOG_COMPILER_GENERATE_SWIFT_ASSET_SYMBOL_EXTENSIONS = YES;
				CLANG_ANALYZER_NONNULL = YES;
				CLANG_ANALYZER_NUMBER_OBJECT_CONVERSION = YES_AGGRESSIVE;
				CLANG_CXX_LANGUAGE_STANDARD = "gnu++20";
				CLANG_ENABLE_MODULES = YES;
				CLANG_ENABLE_OBJC_ARC = YES;
				CLANG_ENABLE_OBJC_WEAK = YES;
				CLANG_WARN_BLOCK_CAPTURE_AUTORELEASING = YES;
				CLANG_WARN_BOOL_CONVERSION = YES;
				CLANG_WARN_COMMA = YES;
				CLANG_WARN_CONSTANT_CONVERSION = YES;
				CLANG_WARN_DEPRECATED_OBJC_IMPLEMENTATIONS = YES;
				CLANG_WARN_DIRECT_OBJC_ISA_USAGE = YES_ERROR;
				CLANG_WARN_DOCUMENTATION_COMMENTS = YES;
				CLANG_WARN_EMPTY_BODY = YES;
				CLANG_WARN_ENUM_CONVERSION = YES;
				CLANG_WARN_INFINITE_RECURSION = YES;
				CLANG_WARN_INT_CONVERSION = YES;
				CLANG_WARN_NON_LITERAL_NULL_CONVERSION = YES;
				CLANG_WARN_OBJC_IMPLICIT_RETAIN_SELF = YES;
				CLANG_WARN_OBJC_LITERAL_CONVERSION = YES;
				CLANG_WARN_OBJC_ROOT_CLASS = YES_ERROR;
				CLANG_WARN_QUOTED_INCLUDE_IN_FRAMEWORK_HEADER = YES;
				CLANG_WARN_RANGE_LOOP_ANALYSIS = YES;
				CLANG_WARN_STRICT_PROTOTYPES = YES;
				CLANG_WARN_SUSPICIOUS_MOVE = YES;
				CLANG_WARN_UNGUARDED_AVAILABILITY = YES_AGGRESSIVE;
				CLANG_WARN_UNREACHABLE_CODE = YES;
				CLANG_WARN__DUPLICATE_METHOD_MATCH = YES;
				COPY_PHASE_STRIP = NO;
				DEBUG_INFORMATION_FORMAT = "dwarf-with-dsym";
				ENABLE_NS_ASSERTIONS = NO;
				ENABLE_STRICT_OBJC_MSGSEND = YES;
				ENABLE_USER_SCRIPT_SANDBOXING = YES;
				GCC_C_LANGUAGE_STANDARD = gnu17;
				GCC_NO_COMMON_BLOCKS = YES;
				GCC_WARN_64_TO_32_BIT_CONVERSION = YES;
				GCC_WARN_ABOUT_RETURN_TYPE = YES_ERROR;
				GCC_WARN_UNDECLARED_SELECTOR = YES;
				GCC_WARN_UNINITIALIZED_AUTOS = YES_AGGRESSIVE;
				GCC_WARN_UNUSED_FUNCTION = YES;
				GCC_WARN_UNUSED_VARIABLE = YES;
				IPHONEOS_DEPLOYMENT_TARGET = 17.0;
				LOCALIZATION_PREFERS_STRING_CATALOGS = YES;
				MTL_ENABLE_DEBUG_INFO = NO;
				MTL_FAST_MATH = YES;
				SDKROOT = iphoneos;
				SWIFT_COMPILATION_MODE = wholemodule;
				VALIDATE_PRODUCT = YES;
			};
			name = Release;
		};
		99CE8A512B4EABF4001DB121 /* Debug */ = {
			isa = XCBuildConfiguration;
			buildSettings = {
				ASSETCATALOG_COMPILER_APPICON_NAME = AppIcon;
				ASSETCATALOG_COMPILER_GLOBAL_ACCENT_COLOR_NAME = AccentColor;
				CODE_SIGN_STYLE = Automatic;
				CURRENT_PROJECT_VERSION = 1;
				DEVELOPMENT_ASSET_PATHS = "\"AppleWatchStore/Preview Content\"";
				DEVELOPMENT_TEAM = MV354SVRXY;
				ENABLE_PREVIEWS = YES;
				GENERATE_INFOPLIST_FILE = YES;
				INFOPLIST_KEY_UIApplicationSceneManifest_Generation = YES;
				INFOPLIST_KEY_UIApplicationSupportsIndirectInputEvents = YES;
				INFOPLIST_KEY_UILaunchScreen_Generation = YES;
				INFOPLIST_KEY_UISupportedInterfaceOrientations_iPad = "UIInterfaceOrientationPortrait UIInterfaceOrientationPortraitUpsideDown UIInterfaceOrientationLandscapeLeft UIInterfaceOrientationLandscapeRight";
				INFOPLIST_KEY_UISupportedInterfaceOrientations_iPhone = "UIInterfaceOrientationPortrait UIInterfaceOrientationLandscapeLeft UIInterfaceOrientationLandscapeRight";
				LD_RUNPATH_SEARCH_PATHS = (
					"$(inherited)",
					"@executable_path/Frameworks",
				);
				MARKETING_VERSION = 1.0;
				PRODUCT_BUNDLE_IDENTIFIER = com.OgbonnaUzochukwuIsrael.AppleWatchStore;
				PRODUCT_NAME = "$(TARGET_NAME)";
				SWIFT_EMIT_LOC_STRINGS = YES;
				SWIFT_VERSION = 5.0;
				TARGETED_DEVICE_FAMILY = "1,2";
			};
			name = Debug;
		};
		99CE8A522B4EABF4001DB121 /* Release */ = {
			isa = XCBuildConfiguration;
			buildSettings = {
				ASSETCATALOG_COMPILER_APPICON_NAME = AppIcon;
				ASSETCATALOG_COMPILER_GLOBAL_ACCENT_COLOR_NAME = AccentColor;
				CODE_SIGN_STYLE = Automatic;
				CURRENT_PROJECT_VERSION = 1;
				DEVELOPMENT_ASSET_PATHS = "\"AppleWatchStore/Preview Content\"";
				DEVELOPMENT_TEAM = MV354SVRXY;
				ENABLE_PREVIEWS = YES;
				GENERATE_INFOPLIST_FILE = YES;
				INFOPLIST_KEY_UIApplicationSceneManifest_Generation = YES;
				INFOPLIST_KEY_UIApplicationSupportsIndirectInputEvents = YES;
				INFOPLIST_KEY_UILaunchScreen_Generation = YES;
				INFOPLIST_KEY_UISupportedInterfaceOrientations_iPad = "UIInterfaceOrientationPortrait UIInterfaceOrientationPortraitUpsideDown UIInterfaceOrientationLandscapeLeft UIInterfaceOrientationLandscapeRight";
				INFOPLIST_KEY_UISupportedInterfaceOrientations_iPhone = "UIInterfaceOrientationPortrait UIInterfaceOrientationLandscapeLeft UIInterfaceOrientationLandscapeRight";
				LD_RUNPATH_SEARCH_PATHS = (
					"$(inherited)",
					"@executable_path/Frameworks",
				);
				MARKETING_VERSION = 1.0;
				PRODUCT_BUNDLE_IDENTIFIER = com.OgbonnaUzochukwuIsrael.AppleWatchStore;
				PRODUCT_NAME = "$(TARGET_NAME)";
				SWIFT_EMIT_LOC_STRINGS = YES;
				SWIFT_VERSION = 5.0;
				TARGETED_DEVICE_FAMILY = "1,2";
			};
			name = Release;
		};
/* End XCBuildConfiguration section */

/* Begin XCConfigurationList section */
		99CE8A3D2B4EABF3001DB121 /* Build configuration list for PBXProject "AppleWatchStore" */ = {
			isa = XCConfigurationList;
			buildConfigurations = (
				99CE8A4E2B4EABF4001DB121 /* Debug */,
				99CE8A4F2B4EABF4001DB121 /* Release */,
			);
			defaultConfigurationIsVisible = 0;
			defaultConfigurationName = Release;
		};
		99CE8A502B4EABF4001DB121 /* Build configuration list for PBXNativeTarget "AppleWatchStore" */ = {
			isa = XCConfigurationList;
			buildConfigurations = (
				99CE8A512B4EABF4001DB121 /* Debug */,
				99CE8A522B4EABF4001DB121 /* Release */,
			);
			defaultConfigurationIsVisible = 0;
			defaultConfigurationName = Release;
		};
/* End XCConfigurationList section */
	};
	rootObject = 99CE8A3A2B4EABF3001DB121 /* Project object */;
}
